
Microsoft Visual Studio Solution File, Format Version 12.00
# Visual Studio Version 17
VisualStudioVersion = 17.5.33627.172
MinimumVisualStudioVersion = 10.0.40219.1
Project("{FAE04EC0-301F-11D3-BF4B-00C04F79EFBC}") = "MESsoftware1", "MESsoftware1\MESsoftware1.csproj", "{58F8698D-8D4A-407E-9E9F-58F95E597ED0}"
EndProject
Global
	GlobalSection(SolutionConfigurationPlatforms) = preSolution
		Debug|Any CPU = Debug|Any CPU
		Release|Any CPU = Release|Any CPU
	EndGlobalSection
	GlobalSection(ProjectConfigurationPlatforms) = postSolution
		{58F8698D-8D4A-407E-9E9F-58F95E597ED0}.Debug|Any CPU.ActiveCfg = Debug|Any CPU
		{58F8698D-8D4A-407E-9E9F-58F95E597ED0}.Debug|Any CPU.Build.0 = Debug|Any CPU
		{58F8698D-8D4A-407E-9E9F-58F95E597ED0}.Release|Any CPU.ActiveCfg = Release|Any CPU
		{58F8698D-8D4A-407E-9E9F-58F95E597ED0}.Release|Any CPU.Build.0 = Release|Any CPU
	EndGlobalSection
	GlobalSection(SolutionProperties) = preSolution
		HideSolutionNode = FALSE
	EndGlobalSection
	GlobalSection(ExtensibilityGlobals) = postSolution
		SolutionGuid = {09648B7F-3E41-4698-9678-5263A4FBA4E3}
	EndGlobalSection
EndGlobal
